
Microsoft Visual Studio Solution File, Format Version 12.00
# Visual Studio 15
VisualStudioVersion = 15.0.27004.2009
MinimumVisualStudioVersion = 10.0.40219.1
Project("{FAE04EC0-301F-11D3-BF4B-00C04F79EFBC}") = "CodeStrikes.TestingApp", "CodeCompetition.TestingApp\CodeStrikes.TestingApp.csproj", "{13E37209-D2E4-4A88-B256-CF64366A1284}"
EndProject
Project("{FAE04EC0-301F-11D3-BF4B-00C04F79EFBC}") = "CodeStrikes.Sdk", "CodeCompetition.Sdk\CodeStrikes.Sdk.csproj", "{62DEFA1A-DF24-47E4-B4D7-008310BC951D}"
EndProject
Global
	GlobalSection(SolutionConfigurationPlatforms) = preSolution
		Debug|Any CPU = Debug|Any CPU
		Debug|x64 = Debug|x64
		Release|Any CPU = Release|Any CPU
		Release|x64 = Release|x64
	EndGlobalSection
	GlobalSection(ProjectConfigurationPlatforms) = postSolution
		{13E37209-D2E4-4A88-B256-CF64366A1284}.Debug|Any CPU.ActiveCfg = Debug|Any CPU
		{13E37209-D2E4-4A88-B256-CF64366A1284}.Debug|Any CPU.Build.0 = Debug|Any CPU
		{13E37209-D2E4-4A88-B256-CF64366A1284}.Debug|x64.ActiveCfg = Debug|x64
		{13E37209-D2E4-4A88-B256-CF64366A1284}.Debug|x64.Build.0 = Debug|x64
		{13E37209-D2E4-4A88-B256-CF64366A1284}.Release|Any CPU.ActiveCfg = Release|Any CPU
		{13E37209-D2E4-4A88-B256-CF64366A1284}.Release|Any CPU.Build.0 = Release|Any CPU
		{13E37209-D2E4-4A88-B256-CF64366A1284}.Release|x64.ActiveCfg = Release|x64
		{13E37209-D2E4-4A88-B256-CF64366A1284}.Release|x64.Build.0 = Release|x64
		{62DEFA1A-DF24-47E4-B4D7-008310BC951D}.Debug|Any CPU.ActiveCfg = Debug|Any CPU
		{62DEFA1A-DF24-47E4-B4D7-008310BC951D}.Debug|Any CPU.Build.0 = Debug|Any CPU
		{62DEFA1A-DF24-47E4-B4D7-008310BC951D}.Debug|x64.ActiveCfg = Debug|Any CPU
		{62DEFA1A-DF24-47E4-B4D7-008310BC951D}.Debug|x64.Build.0 = Debug|Any CPU
		{62DEFA1A-DF24-47E4-B4D7-008310BC951D}.Release|Any CPU.ActiveCfg = Release|Any CPU
		{62DEFA1A-DF24-47E4-B4D7-008310BC951D}.Release|Any CPU.Build.0 = Release|Any CPU
		{62DEFA1A-DF24-47E4-B4D7-008310BC951D}.Release|x64.ActiveCfg = Release|Any CPU
		{62DEFA1A-DF24-47E4-B4D7-008310BC951D}.Release|x64.Build.0 = Release|Any CPU
	EndGlobalSection
	GlobalSection(SolutionProperties) = preSolution
		HideSolutionNode = FALSE
	EndGlobalSection
	GlobalSection(ExtensibilityGlobals) = postSolution
		SolutionGuid = {58BB3ED1-4C9F-49E4-A8CD-71063106397F}
	EndGlobalSection
EndGlobal
